<Solution>
  <Folder Name="/Data analyzing app/">
    <Project Path="Data analyzing app/Domain.Tests/Domain.Tests.csproj">
      <Deploy Solution="Debug|*" />
    </Project>
    <Project Path="Data analyzing app/Domain/Domain.csproj">
      <Deploy Solution="Debug|*" />
    </Project>
    <Project Path="Data analyzing app/Tests/Tests.csproj" />
  </Folder>
  <Folder Name="/Data analyzing web app/">
    <Project Path="Data analyzing web app/Domain.Tests/Domain.Tests.csproj" Id="a07cab71-e926-4ef2-a5cf-e19ee9c5fd68" />
    <Project Path="Data analyzing web app/Domain/Domain.csproj" Id="6835472f-3ac2-4778-8c73-da2609dabea9" />
    <Project Path="Data analyzing web app/Tests/Tests.csproj" Id="599f14d8-fed5-4b4b-ae3e-5fec51f7a5c7" />
  </Folder>
  <Folder Name="/DataBase data saver service/">
    <Project Path="DataBase data saver service/Domain.Tests/Domain.Tests.csproj" />
    <Project Path="DataBase data saver service/Domain/Domain.csproj" />
    <Project Path="DataBase data saver service/Tests/Tests.csproj" />
  </Folder>
  <Folder Name="/Machines API/">
    <Project Path="Machines API/Domain.Tests/Domain.Tests.csproj" Id="41a38e3d-3238-40be-a7c2-d349543da916" />
    <Project Path="Machines API/Domain/Domain.csproj" Id="749ddb61-1fc4-4dd2-bf23-e8bbcf2cf3cb" />
    <Project Path="Machines API/Tests/Tests.csproj" Id="e381d190-aaa3-4759-872e-d96377b8ddbb" />
  </Folder>
  <Folder Name="/Machines data collector service/">
    <Project Path="Machines data collector service/Domain.Tests/Domain.Tests.csproj" />
    <Project Path="Machines data collector service/Domain/Domain.csproj" />
    <Project Path="Machines data collector service/Tests/Tests.csproj" />
  </Folder>
  <Project Path="docker-compose.dcproj">
    <Build />
  </Project>
</Solution>
